{
  "meteor": {},
  "dependencies": {
    "basePackages": {
      "bootstrap-3": {},
      "iron-router": {},
      "iron-router-progress": {},
      "filepicker": {},
      "spin": {},
      "viewer": {
        "path": "packages/viewer"
      },
      "string-hash": {
        "path": "packages/string-hash"
      }
    },
    "packages": {
      "bootstrap-3": {
        "git": "https://github.com/mangasocial/meteor-bootstrap-3.git",
        "tag": "v3.1.1-1",
        "commit": "63dd38968828bb8963636df93e9a1c45e2dfe67e"
      },
      "iron-router": {
        "git": "https://github.com/EventedMind/iron-router.git",
        "tag": "v0.7.0",
        "commit": "05f34bc48c4cad9fdaa366c1ddcabe6980232ece"
      },
      "iron-router-progress": {
        "git": "https://github.com/Multiply/iron-router-progress.git",
        "tag": "v0.2.0",
        "commit": "ce730d1d26feadb7c75ea25f22c5bfdb0c549a8b"
      },
      "filepicker": {
        "git": "https://github.com/Ink/meteor.git",
        "tag": "v0.4.0",
        "commit": "20d56aaaf48be3a5c0499547a495a6463b4fa3d9"
      },
      "spin": {
        "git": "https://github.com/SachaG/meteor-spin.git",
        "tag": "v0.2.2",
        "commit": "3f655f0016228e4195acc784c45d3e3a247dc39f"
      },
      "viewer": {
        "path": "packages/viewer"
      },
      "string-hash": {
        "path": "packages/string-hash"
      },
      "blaze-layout": {
        "git": "https://github.com/EventedMind/blaze-layout.git",
        "tag": "v0.2.2",
        "commit": "8bc53798fe5965669ae67c72f91829fcfdceabfd"
      }
    }
  }
}
